PODS:
  - Flutter (1.0.0)
  - integration_test (0.0.1):
    - Flutter
  - obd2_flutter_plugin (1.0.0):
    - Flutter

DEPENDENCIES:
  - Flutter (from `Flutter`)
  - integration_test (from `.symlinks/plugins/integration_test/ios`)
  - obd2_flutter_plugin (from `.symlinks/plugins/obd2_flutter_plugin/ios`)

EXTERNAL SOURCES:
  Flutter:
    :path: Flutter
  integration_test:
    :path: ".symlinks/plugins/integration_test/ios"
  obd2_flutter_plugin:
    :path: ".symlinks/plugins/obd2_flutter_plugin/ios"

SPEC CHECKSUMS:
  Flutter: f04841e97a9d0b0a8025694d0796dd46242b2854
  integration_test: 13825b8a9334a850581300559b8839134b124670
  obd2_flutter_plugin: 330e2fda1b975dd7ce297ce5b5b03fe3159776ee

PODFILE CHECKSUM: a57f30d18f102dd3ce366b1d62a55ecbef2158e5

COCOAPODS: 1.12.1
